
Microsoft Visual Studio Solution File, Format Version 12.00
# Visual Studio Version 16
VisualStudioVersion = 16.0.29324.140
MinimumVisualStudioVersion = 10.0.40219.1
Project("{FAE04EC0-301F-11D3-BF4B-00C04F79EFBC}") = "TryEnter", "TryEnter\TryEnter.csproj", "{30251116-1D80-4C12-A585-DC7F4741CDCF}"
EndProject
Global
	GlobalSection(SolutionConfigurationPlatforms) = preSolution
		Debug|Any CPU = Debug|Any CPU
		Release|Any CPU = Release|Any CPU
	EndGlobalSection
	GlobalSection(ProjectConfigurationPlatforms) = postSolution
		{30251116-1D80-4C12-A585-DC7F4741CDCF}.Debug|Any CPU.ActiveCfg = Debug|Any CPU
		{30251116-1D80-4C12-A585-DC7F4741CDCF}.Debug|Any CPU.Build.0 = Debug|Any CPU
		{30251116-1D80-4C12-A585-DC7F4741CDCF}.Release|Any CPU.ActiveCfg = Release|Any CPU
		{30251116-1D80-4C12-A585-DC7F4741CDCF}.Release|Any CPU.Build.0 = Release|Any CPU
	EndGlobalSection
	GlobalSection(SolutionProperties) = preSolution
		HideSolutionNode = FALSE
	EndGlobalSection
	GlobalSection(ExtensibilityGlobals) = postSolution
		SolutionGuid = {765E78F9-D936-44E7-AE91-85C30738C25F}
	EndGlobalSection
EndGlobal
